
Microsoft Visual Studio Solution File, Format Version 12.00
# Visual Studio Version 16
VisualStudioVersion = 16.0.31613.86
MinimumVisualStudioVersion = 10.0.40219.1
Project("{FAE04EC0-301F-11D3-BF4B-00C04F79EFBC}") = "StackOverflow.Data", "StackOverflow.Data\StackOverflow.Data.csproj", "{E9A80FDB-CCA4-4674-B672-A550D77713EF}"
EndProject
Project("{FAE04EC0-301F-11D3-BF4B-00C04F79EFBC}") = "StackOverflow.Web", "StackOverflow.Web\StackOverflow.Web.csproj", "{3EF72B78-DA9C-4364-BB90-CB666857078A}"
EndProject
Global
	GlobalSection(SolutionConfigurationPlatforms) = preSolution
		Debug|Any CPU = Debug|Any CPU
		Release|Any CPU = Release|Any CPU
	EndGlobalSection
	GlobalSection(ProjectConfigurationPlatforms) = postSolution
		{E9A80FDB-CCA4-4674-B672-A550D77713EF}.Debug|Any CPU.ActiveCfg = Debug|Any CPU
		{E9A80FDB-CCA4-4674-B672-A550D77713EF}.Debug|Any CPU.Build.0 = Debug|Any CPU
		{E9A80FDB-CCA4-4674-B672-A550D77713EF}.Release|Any CPU.ActiveCfg = Release|Any CPU
		{E9A80FDB-CCA4-4674-B672-A550D77713EF}.Release|Any CPU.Build.0 = Release|Any CPU
		{3EF72B78-DA9C-4364-BB90-CB666857078A}.Debug|Any CPU.ActiveCfg = Debug|Any CPU
		{3EF72B78-DA9C-4364-BB90-CB666857078A}.Debug|Any CPU.Build.0 = Debug|Any CPU
		{3EF72B78-DA9C-4364-BB90-CB666857078A}.Release|Any CPU.ActiveCfg = Release|Any CPU
		{3EF72B78-DA9C-4364-BB90-CB666857078A}.Release|Any CPU.Build.0 = Release|Any CPU
	EndGlobalSection
	GlobalSection(SolutionProperties) = preSolution
		HideSolutionNode = FALSE
	EndGlobalSection
	GlobalSection(ExtensibilityGlobals) = postSolution
		SolutionGuid = {7007012C-0D32-4613-9179-9B5193F6BEBA}
	EndGlobalSection
EndGlobal
